
Microsoft Visual Studio Solution File, Format Version 12.00
# Visual Studio Version 17
VisualStudioVersion = 17.5.33414.496
MinimumVisualStudioVersion = 10.0.40219.1
Project("{8BC9CEB8-8B4A-11D0-8D11-00A0C91BC942}") = "BOJ_24265", "BOJ_24265.vcxproj", "{8A983960-668C-44C3-A9E7-4F774AE7289F}"
EndProject
Global
	GlobalSection(SolutionConfigurationPlatforms) = preSolution
		Debug|x64 = Debug|x64
		Release|x64 = Release|x64
	EndGlobalSection
	GlobalSection(ProjectConfigurationPlatforms) = postSolution
		{8A983960-668C-44C3-A9E7-4F774AE7289F}.Debug|x64.ActiveCfg = Debug|x64
		{8A983960-668C-44C3-A9E7-4F774AE7289F}.Debug|x64.Build.0 = Debug|x64
		{8A983960-668C-44C3-A9E7-4F774AE7289F}.Release|x64.ActiveCfg = Release|x64
		{8A983960-668C-44C3-A9E7-4F774AE7289F}.Release|x64.Build.0 = Release|x64
	EndGlobalSection
	GlobalSection(SolutionProperties) = preSolution
		HideSolutionNode = FALSE
	EndGlobalSection
	GlobalSection(ExtensibilityGlobals) = postSolution
		SolutionGuid = {8E70A6D9-FBEC-4207-8441-F0DF792A9F99}
	EndGlobalSection
EndGlobal
